%{
  "earmark": {:hex, :earmark, "1.2.6", "b6da42b3831458d3ecc57314dff3051b080b9b2be88c2e5aa41cd642a5b044ed", [:mix], [], "hexpm"},
  "ex_doc": {:hex, :ex_doc, "0.19.1", "519bb9c19526ca51d326c060cb1778d4a9056b190086a8c6c115828eaccea6cf", [:mix], [{:earmark, "~> 1.1", [hex: :earmark, repo: "hexpm", optional: false]}, {:makeup_elixir, "~> 0.7", [hex: :makeup_elixir, repo: "hexpm", optional: false]}], "hexpm"},
  "ex_doc_simple_markdown": {:hex, :ex_doc_simple_markdown, "0.3.2", "e2969b0522e46581ec8a2ec41e89dec1edf637ffe03967439de7427c7074540d", [:mix], [{:ex_doc, "~> 0.18", [hex: :ex_doc, repo: "hexpm", optional: false]}, {:simple_markdown, "~> 0.3", [hex: :simple_markdown, repo: "hexpm", optional: false]}], "hexpm"},
  "html_entities": {:hex, :html_entities, "0.4.0", "f2fee876858cf6aaa9db608820a3209e45a087c5177332799592142b50e89a6b", [:mix], [], "hexpm"},
  "itsy": {:hex, :itsy, "0.0.2", "a3be354200e72064d4e8e0eeada38514bf9e3e7ce6f81c9091bb30360518b5bb", [:mix], [], "hexpm"},
  "makeup": {:hex, :makeup, "0.5.5", "9e08dfc45280c5684d771ad58159f718a7b5788596099bdfb0284597d368a882", [:mix], [{:nimble_parsec, "~> 0.4", [hex: :nimble_parsec, repo: "hexpm", optional: false]}], "hexpm"},
  "makeup_elixir": {:hex, :makeup_elixir, "0.10.0", "0f09c2ddf352887a956d84f8f7e702111122ca32fbbc84c2f0569b8b65cbf7fa", [:mix], [{:makeup, "~> 0.5.5", [hex: :makeup, repo: "hexpm", optional: false]}], "hexpm"},
  "nimble_parsec": {:hex, :nimble_parsec, "0.4.0", "ee261bb53214943679422be70f1658fff573c5d0b0a1ecd0f18738944f818efe", [:mix], [], "hexpm"},
  "parsey": {:hex, :parsey, "0.0.2", "40356be7a83d5b56a670266fb69c9a2f95f638d1ad28803610f833cee71cac33", [:mix], [], "hexpm"},
  "porcelain": {:hex, :porcelain, "2.0.3", "2d77b17d1f21fed875b8c5ecba72a01533db2013bd2e5e62c6d286c029150fdc", [:mix], [], "hexpm"},
  "simple_markdown": {:hex, :simple_markdown, "0.5.3", "7d47279e6253ce2bc642aeb025789c71b5473173d61c10da1f03f6e40d6c3871", [:mix], [{:html_entities, "~> 0.3", [hex: :html_entities, repo: "hexpm", optional: false]}, {:parsey, "~> 0.0.2", [hex: :parsey, repo: "hexpm", optional: false]}], "hexpm"},
  "simple_markdown_extension_svgbob": {:hex, :simple_markdown_extension_svgbob, "0.1.0", "3bf513f76e2f0d755096c80ee11c889d198384b826dc23ca5d8171a2d7708436", [:mix], [{:simple_markdown, "~> 0.2", [hex: :simple_markdown, repo: "hexpm", optional: false]}, {:svgbobex, "~> 0.0.1", [hex: :svgbobex, repo: "hexpm", optional: false]}], "hexpm"},
  "svgbobex": {:hex, :svgbobex, "0.0.2", "6d0c585d152baa5a9a03469214568d3ed23e4811de0ce851f9a9e5ed79f74787", [:mix], [{:porcelain, "~> 2.0", [hex: :porcelain, repo: "hexpm", optional: false]}], "hexpm"},
}
